
Microsoft Visual Studio Solution File, Format Version 12.00
# Visual Studio Version 16
VisualStudioVersion = 16.0.28803.352
MinimumVisualStudioVersion = 10.0.40219.1
Project("{FAE04EC0-301F-11D3-BF4B-00C04F79EFBC}") = "Calculadora_ISR", "Calculadora_ISR.csproj", "{2FA28FA9-5CD3-4491-ADAE-855CAA071E32}"
EndProject
Global
	GlobalSection(SolutionConfigurationPlatforms) = preSolution
		Debug|Any CPU = Debug|Any CPU
		Release|Any CPU = Release|Any CPU
	EndGlobalSection
	GlobalSection(ProjectConfigurationPlatforms) = postSolution
		{2FA28FA9-5CD3-4491-ADAE-855CAA071E32}.Debug|Any CPU.ActiveCfg = Debug|Any CPU
		{2FA28FA9-5CD3-4491-ADAE-855CAA071E32}.Debug|Any CPU.Build.0 = Debug|Any CPU
		{2FA28FA9-5CD3-4491-ADAE-855CAA071E32}.Release|Any CPU.ActiveCfg = Release|Any CPU
		{2FA28FA9-5CD3-4491-ADAE-855CAA071E32}.Release|Any CPU.Build.0 = Release|Any CPU
	EndGlobalSection
	GlobalSection(SolutionProperties) = preSolution
		HideSolutionNode = FALSE
	EndGlobalSection
	GlobalSection(ExtensibilityGlobals) = postSolution
		SolutionGuid = {D5F52229-210C-4BAA-9BC2-88E9EE0A93E7}
	EndGlobalSection
EndGlobal
